
Microsoft Visual Studio Solution File, Format Version 12.00
# Visual Studio Version 17
VisualStudioVersion = 17.7.34031.279
MinimumVisualStudioVersion = 10.0.40219.1
Project("{FAE04EC0-301F-11D3-BF4B-00C04F79EFBC}") = "Examen2", "Examen2.csproj", "{FBF4F692-66F9-482C-9116-494123A4904B}"
EndProject
Global
	GlobalSection(SolutionConfigurationPlatforms) = preSolution
		Debug|Any CPU = Debug|Any CPU
		Release|Any CPU = Release|Any CPU
	EndGlobalSection
	GlobalSection(ProjectConfigurationPlatforms) = postSolution
		{FBF4F692-66F9-482C-9116-494123A4904B}.Debug|Any CPU.ActiveCfg = Debug|Any CPU
		{FBF4F692-66F9-482C-9116-494123A4904B}.Debug|Any CPU.Build.0 = Debug|Any CPU
		{FBF4F692-66F9-482C-9116-494123A4904B}.Release|Any CPU.ActiveCfg = Release|Any CPU
		{FBF4F692-66F9-482C-9116-494123A4904B}.Release|Any CPU.Build.0 = Release|Any CPU
	EndGlobalSection
	GlobalSection(SolutionProperties) = preSolution
		HideSolutionNode = FALSE
	EndGlobalSection
	GlobalSection(ExtensibilityGlobals) = postSolution
		SolutionGuid = {E3A3D62D-FE94-4113-9CA4-05E3CF9110A8}
	EndGlobalSection
EndGlobal
